// !$*UTF8*$!
{
	archiveVersion = 1;
	classes = {
	};
	objectVersion = 50;
	objects = {

/* Begin PBXBuildFile section */
		951EF4E521481C9D00152CA8 /* URLStruct.swift in Sources */ = {isa = PBXBuildFile; fileRef = 951EF4E421481C9D00152CA8 /* URLStruct.swift */; };
		953CBF0E212ADE8F006368CC /* UIViewController.swift in Sources */ = {isa = PBXBuildFile; fileRef = 953CBF0D212ADE8F006368CC /* UIViewController.swift */; };
		953CBF10212C123F006368CC /* TranslationViewController.swift in Sources */ = {isa = PBXBuildFile; fileRef = 953CBF0F212C123F006368CC /* TranslationViewController.swift */; };
		953CBF12212C1262006368CC /* TranslationService.swift in Sources */ = {isa = PBXBuildFile; fileRef = 953CBF11212C1262006368CC /* TranslationService.swift */; };
		95687C44213EB26100BD900B /* Weather.swift in Sources */ = {isa = PBXBuildFile; fileRef = 95687C43213EB26100BD900B /* Weather.swift */; };
		956AA5302119DA44005CB9C1 /* AppDelegate.swift in Sources */ = {isa = PBXBuildFile; fileRef = 956AA52F2119DA44005CB9C1 /* AppDelegate.swift */; };
		956AA5352119DA44005CB9C1 /* Main.storyboard in Resources */ = {isa = PBXBuildFile; fileRef = 956AA5332119DA44005CB9C1 /* Main.storyboard */; };
		956AA5372119DA46005CB9C1 /* Assets.xcassets in Resources */ = {isa = PBXBuildFile; fileRef = 956AA5362119DA46005CB9C1 /* Assets.xcassets */; };
		956AA53A2119DA46005CB9C1 /* LaunchScreen.storyboard in Resources */ = {isa = PBXBuildFile; fileRef = 956AA5382119DA46005CB9C1 /* LaunchScreen.storyboard */; };
		956AA5462119E1D6005CB9C1 /* CurrencyChangeViewController.swift in Sources */ = {isa = PBXBuildFile; fileRef = 956AA5452119E1D6005CB9C1 /* CurrencyChangeViewController.swift */; };
		957A5774214A7B7F003EBF7F /* TranslationServiceTests.swift in Sources */ = {isa = PBXBuildFile; fileRef = 957A5773214A7B7F003EBF7F /* TranslationServiceTests.swift */; };
		957A5776214A8574003EBF7F /* Translation.json in Resources */ = {isa = PBXBuildFile; fileRef = 957A5775214A8574003EBF7F /* Translation.json */; };
		957A5778214A8717003EBF7F /* Translation.swift in Sources */ = {isa = PBXBuildFile; fileRef = 957A5777214A8717003EBF7F /* Translation.swift */; };
		9598CF64212D7C0600AD8E02 /* CurrencyChangeServiceTests.swift in Sources */ = {isa = PBXBuildFile; fileRef = 9598CF63212D7C0600AD8E02 /* CurrencyChangeServiceTests.swift */; };
		9598CF6C212D9AC400AD8E02 /* Currency.swift in Sources */ = {isa = PBXBuildFile; fileRef = 9598CF6B212D9AC400AD8E02 /* Currency.swift */; };
		95BC70CC21429FE800931E7A /* WeatherServiceTests.swift in Sources */ = {isa = PBXBuildFile; fileRef = 95BC70CB21429FE800931E7A /* WeatherServiceTests.swift */; };
		95BC70CE2142A00D00931E7A /* WeatherNewYork.json in Resources */ = {isa = PBXBuildFile; fileRef = 95BC70CD2142A00D00931E7A /* WeatherNewYork.json */; };
		95BC70D02142A02700931E7A /* WeatherParis.json in Resources */ = {isa = PBXBuildFile; fileRef = 95BC70CF2142A02700931E7A /* WeatherParis.json */; };
		95BC70D22142AF9500931E7A /* WeatherService.swift in Sources */ = {isa = PBXBuildFile; fileRef = 95BC70D12142AF9500931E7A /* WeatherService.swift */; };
		95C5CDA02124718700B56E83 /* CurrencyChangeService.swift in Sources */ = {isa = PBXBuildFile; fileRef = 95C5CD9F2124718700B56E83 /* CurrencyChangeService.swift */; };
		95CAC86F214031B100CF12DB /* WeatherViewController.swift in Sources */ = {isa = PBXBuildFile; fileRef = 95CAC86E214031B100CF12DB /* WeatherViewController.swift */; };
		95D9184A21356FC0002730B1 /* Currency.json in Resources */ = {isa = PBXBuildFile; fileRef = 95D9184921356FC0002730B1 /* Currency.json */; };
		95D9184C21357003002730B1 /* FakeResponseData.swift in Sources */ = {isa = PBXBuildFile; fileRef = 95D9184B21357003002730B1 /* FakeResponseData.swift */; };
		95D9184E2135762C002730B1 /* URLSessionFake.swift in Sources */ = {isa = PBXBuildFile; fileRef = 95D9184D2135762C002730B1 /* URLSessionFake.swift */; };
		95FFD9E621496312001D6313 /* WeatherCode.swift in Sources */ = {isa = PBXBuildFile; fileRef = 95FFD9E521496312001D6313 /* WeatherCode.swift */; };
/* End PBXBuildFile section */

/* Begin PBXContainerItemProxy section */
		9598CF66212D7C0600AD8E02 /* PBXContainerItemProxy */ = {
			isa = PBXContainerItemProxy;
			containerPortal = 956AA5242119DA44005CB9C1 /* Project object */;
			proxyType = 1;
			remoteGlobalIDString = 956AA52B2119DA44005CB9C1;
			remoteInfo = Baluchon;
		};
/* End PBXContainerItemProxy section */

/* Begin PBXFileReference section */
		951EF4E421481C9D00152CA8 /* URLStruct.swift */ = {isa = PBXFileReference; lastKnownFileType = sourcecode.swift; path = URLStruct.swift; sourceTree = "<group>"; };
		953CBF0D212ADE8F006368CC /* UIViewController.swift */ = {isa = PBXFileReference; lastKnownFileType = sourcecode.swift; path = UIViewController.swift; sourceTree = "<group>"; };
		953CBF0F212C123F006368CC /* TranslationViewController.swift */ = {isa = PBXFileReference; lastKnownFileType = sourcecode.swift; path = TranslationViewController.swift; sourceTree = "<group>"; };
		953CBF11212C1262006368CC /* TranslationService.swift */ = {isa = PBXFileReference; lastKnownFileType = sourcecode.swift; path = TranslationService.swift; sourceTree = "<group>"; };
		95687C43213EB26100BD900B /* Weather.swift */ = {isa = PBXFileReference; lastKnownFileType = sourcecode.swift; path = Weather.swift; sourceTree = "<group>"; };
		956AA52C2119DA44005CB9C1 /* Baluchon.app */ = {isa = PBXFileReference; explicitFileType = wrapper.application; includeInIndex = 0; path = Baluchon.app; sourceTree = BUILT_PRODUCTS_DIR; };
		956AA52F2119DA44005CB9C1 /* AppDelegate.swift */ = {isa = PBXFileReference; lastKnownFileType = sourcecode.swift; path = AppDelegate.swift; sourceTree = "<group>"; };
		956AA5342119DA44005CB9C1 /* Base */ = {isa = PBXFileReference; lastKnownFileType = file.storyboard; name = Base; path = Base.lproj/Main.storyboard; sourceTree = "<group>"; };
		956AA5362119DA46005CB9C1 /* Assets.xcassets */ = {isa = PBXFileReference; lastKnownFileType = folder.assetcatalog; path = Assets.xcassets; sourceTree = "<group>"; };
		956AA5392119DA46005CB9C1 /* Base */ = {isa = PBXFileReference; lastKnownFileType = file.storyboard; name = Base; path = Base.lproj/LaunchScreen.storyboard; sourceTree = "<group>"; };
		956AA53B2119DA46005CB9C1 /* Info.plist */ = {isa = PBXFileReference; lastKnownFileType = text.plist.xml; path = Info.plist; sourceTree = "<group>"; };
		956AA5452119E1D6005CB9C1 /* CurrencyChangeViewController.swift */ = {isa = PBXFileReference; lastKnownFileType = sourcecode.swift; path = CurrencyChangeViewController.swift; sourceTree = "<group>"; };
		957A5773214A7B7F003EBF7F /* TranslationServiceTests.swift */ = {isa = PBXFileReference; lastKnownFileType = sourcecode.swift; path = TranslationServiceTests.swift; sourceTree = "<group>"; };
		957A5775214A8574003EBF7F /* Translation.json */ = {isa = PBXFileReference; lastKnownFileType = text.json; path = Translation.json; sourceTree = "<group>"; };
		957A5777214A8717003EBF7F /* Translation.swift */ = {isa = PBXFileReference; lastKnownFileType = sourcecode.swift; path = Translation.swift; sourceTree = "<group>"; };
		9598CF61212D7C0600AD8E02 /* BaluchonTests.xctest */ = {isa = PBXFileReference; explicitFileType = wrapper.cfbundle; includeInIndex = 0; path = BaluchonTests.xctest; sourceTree = BUILT_PRODUCTS_DIR; };
		9598CF63212D7C0600AD8E02 /* CurrencyChangeServiceTests.swift */ = {isa = PBXFileReference; lastKnownFileType = sourcecode.swift; path = CurrencyChangeServiceTests.swift; sourceTree = "<group>"; };
		9598CF65212D7C0600AD8E02 /* Info.plist */ = {isa = PBXFileReference; lastKnownFileType = text.plist.xml; path = Info.plist; sourceTree = "<group>"; };
		9598CF6B212D9AC400AD8E02 /* Currency.swift */ = {isa = PBXFileReference; lastKnownFileType = sourcecode.swift; path = Currency.swift; sourceTree = "<group>"; };
		95BC70CB21429FE800931E7A /* WeatherServiceTests.swift */ = {isa = PBXFileReference; lastKnownFileType = sourcecode.swift; path = WeatherServiceTests.swift; sourceTree = "<group>"; };
		95BC70CD2142A00D00931E7A /* WeatherNewYork.json */ = {isa = PBXFileReference; lastKnownFileType = text.json; path = WeatherNewYork.json; sourceTree = "<group>"; };
		95BC70CF2142A02700931E7A /* WeatherParis.json */ = {isa = PBXFileReference; lastKnownFileType = text.json; path = WeatherParis.json; sourceTree = "<group>"; };
		95BC70D12142AF9500931E7A /* WeatherService.swift */ = {isa = PBXFileReference; lastKnownFileType = sourcecode.swift; path = WeatherService.swift; sourceTree = "<group>"; };
		95C5CD9F2124718700B56E83 /* CurrencyChangeService.swift */ = {isa = PBXFileReference; lastKnownFileType = sourcecode.swift; path = CurrencyChangeService.swift; sourceTree = "<group>"; };
		95CAC86E214031B100CF12DB /* WeatherViewController.swift */ = {isa = PBXFileReference; lastKnownFileType = sourcecode.swift; path = WeatherViewController.swift; sourceTree = "<group>"; };
		95D9184921356FC0002730B1 /* Currency.json */ = {isa = PBXFileReference; lastKnownFileType = text.json; path = Currency.json; sourceTree = "<group>"; };
		95D9184B21357003002730B1 /* FakeResponseData.swift */ = {isa = PBXFileReference; lastKnownFileType = sourcecode.swift; path = FakeResponseData.swift; sourceTree = "<group>"; };
		95D9184D2135762C002730B1 /* URLSessionFake.swift */ = {isa = PBXFileReference; lastKnownFileType = sourcecode.swift; path = URLSessionFake.swift; sourceTree = "<group>"; };
		95FFD9E521496312001D6313 /* WeatherCode.swift */ = {isa = PBXFileReference; lastKnownFileType = sourcecode.swift; path = WeatherCode.swift; sourceTree = "<group>"; };
/* End PBXFileReference section */

/* Begin PBXFrameworksBuildPhase section */
		956AA5292119DA44005CB9C1 /* Frameworks */ = {
			isa = PBXFrameworksBuildPhase;
			buildActionMask = 2147483647;
			files = (
			);
			runOnlyForDeploymentPostprocessing = 0;
		};
		9598CF5E212D7C0600AD8E02 /* Frameworks */ = {
			isa = PBXFrameworksBuildPhase;
			buildActionMask = 2147483647;
			files = (
			);
			runOnlyForDeploymentPostprocessing = 0;
		};
/* End PBXFrameworksBuildPhase section */

/* Begin PBXGroup section */
		953CBF0C212ADE66006368CC /* Extensions */ = {
			isa = PBXGroup;
			children = (
				953CBF0D212ADE8F006368CC /* UIViewController.swift */,
			);
			path = Extensions;
			sourceTree = "<group>";
		};
		956AA5232119DA44005CB9C1 = {
			isa = PBXGroup;
			children = (
				956AA52E2119DA44005CB9C1 /* Baluchon */,
				9598CF62212D7C0600AD8E02 /* BaluchonTests */,
				956AA52D2119DA44005CB9C1 /* Products */,
			);
			sourceTree = "<group>";
		};
		956AA52D2119DA44005CB9C1 /* Products */ = {
			isa = PBXGroup;
			children = (
				956AA52C2119DA44005CB9C1 /* Baluchon.app */,
				9598CF61212D7C0600AD8E02 /* BaluchonTests.xctest */,
			);
			name = Products;
			sourceTree = "<group>";
		};
		956AA52E2119DA44005CB9C1 /* Baluchon */ = {
			isa = PBXGroup;
			children = (
				956AA5412119DB06005CB9C1 /* Model */,
				956AA5422119DB1C005CB9C1 /* View */,
				956AA5432119DB21005CB9C1 /* Controller */,
				953CBF0C212ADE66006368CC /* Extensions */,
				956AA5442119DB2F005CB9C1 /* Supporting Files */,
			);
			path = Baluchon;
			sourceTree = "<group>";
		};
		956AA5412119DB06005CB9C1 /* Model */ = {
			isa = PBXGroup;
			children = (
				9598CF6D212F4CEE00AD8E02 /* Currency */,
				9598CF6E212F4CF400AD8E02 /* Translation */,
				9598CF6F212F4CFA00AD8E02 /* Weather */,
			);
			path = Model;
			sourceTree = "<group>";
		};
		956AA5422119DB1C005CB9C1 /* View */ = {
			isa = PBXGroup;
			children = (
				956AA5332119DA44005CB9C1 /* Main.storyboard */,
				956AA5382119DA46005CB9C1 /* LaunchScreen.storyboard */,
			);
			path = View;
			sourceTree = "<group>";
		};
		956AA5432119DB21005CB9C1 /* Controller */ = {
			isa = PBXGroup;
			children = (
				9598CF70212F4D0A00AD8E02 /* Currency */,
				9598CF71212F4D1700AD8E02 /* Translation */,
				9598CF72212F4D1D00AD8E02 /* Weather */,
			);
			path = Controller;
			sourceTree = "<group>";
		};
		956AA5442119DB2F005CB9C1 /* Supporting Files */ = {
			isa = PBXGroup;
			children = (
				951EF4E421481C9D00152CA8 /* URLStruct.swift */,
				956AA52F2119DA44005CB9C1 /* AppDelegate.swift */,
				956AA5362119DA46005CB9C1 /* Assets.xcassets */,
				956AA53B2119DA46005CB9C1 /* Info.plist */,
			);
			path = "Supporting Files";
			sourceTree = "<group>";
		};
		957A5772214A7AF0003EBF7F /* Translation */ = {
			isa = PBXGroup;
			children = (
				957A5773214A7B7F003EBF7F /* TranslationServiceTests.swift */,
				957A5775214A8574003EBF7F /* Translation.json */,
			);
			path = Translation;
			sourceTree = "<group>";
		};
		958425B5213D746E002C1B4E /* Currency */ = {
			isa = PBXGroup;
			children = (
				9598CF63212D7C0600AD8E02 /* CurrencyChangeServiceTests.swift */,
				95D9184921356FC0002730B1 /* Currency.json */,
			);
			path = Currency;
			sourceTree = "<group>";
		};
		9598CF62212D7C0600AD8E02 /* BaluchonTests */ = {
			isa = PBXGroup;
			children = (
				9598CF65212D7C0600AD8E02 /* Info.plist */,
				95BC70C921429FC700931E7A /* Model */,
			);
			path = BaluchonTests;
			sourceTree = "<group>";
		};
		9598CF6D212F4CEE00AD8E02 /* Currency */ = {
			isa = PBXGroup;
			children = (
				9598CF6B212D9AC400AD8E02 /* Currency.swift */,
				95C5CD9F2124718700B56E83 /* CurrencyChangeService.swift */,
			);
			path = Currency;
			sourceTree = "<group>";
		};
		9598CF6E212F4CF400AD8E02 /* Translation */ = {
			isa = PBXGroup;
			children = (
				957A5777214A8717003EBF7F /* Translation.swift */,
				953CBF11212C1262006368CC /* TranslationService.swift */,
			);
			path = Translation;
			sourceTree = "<group>";
		};
		9598CF6F212F4CFA00AD8E02 /* Weather */ = {
			isa = PBXGroup;
			children = (
				95687C43213EB26100BD900B /* Weather.swift */,
				95FFD9E521496312001D6313 /* WeatherCode.swift */,
				95BC70D12142AF9500931E7A /* WeatherService.swift */,
			);
			path = Weather;
			sourceTree = "<group>";
		};
		9598CF70212F4D0A00AD8E02 /* Currency */ = {
			isa = PBXGroup;
			children = (
				956AA5452119E1D6005CB9C1 /* CurrencyChangeViewController.swift */,
			);
			path = Currency;
			sourceTree = "<group>";
		};
		9598CF71212F4D1700AD8E02 /* Translation */ = {
			isa = PBXGroup;
			children = (
				953CBF0F212C123F006368CC /* TranslationViewController.swift */,
			);
			path = Translation;
			sourceTree = "<group>";
		};
		9598CF72212F4D1D00AD8E02 /* Weather */ = {
			isa = PBXGroup;
			children = (
				95CAC86E214031B100CF12DB /* WeatherViewController.swift */,
			);
			path = Weather;
			sourceTree = "<group>";
		};
		95BC70C921429FC700931E7A /* Model */ = {
			isa = PBXGroup;
			children = (
				95D9184B21357003002730B1 /* FakeResponseData.swift */,
				95D9184D2135762C002730B1 /* URLSessionFake.swift */,
				958425B5213D746E002C1B4E /* Currency */,
				957A5772214A7AF0003EBF7F /* Translation */,
				95BC70CA21429FCD00931E7A /* Weather */,
			);
			path = Model;
			sourceTree = "<group>";
		};
		95BC70CA21429FCD00931E7A /* Weather */ = {
			isa = PBXGroup;
			children = (
				95BC70CB21429FE800931E7A /* WeatherServiceTests.swift */,
				95BC70CD2142A00D00931E7A /* WeatherNewYork.json */,
				95BC70CF2142A02700931E7A /* WeatherParis.json */,
			);
			path = Weather;
			sourceTree = "<group>";
		};
/* End PBXGroup section */

/* Begin PBXNativeTarget section */
		956AA52B2119DA44005CB9C1 /* Baluchon */ = {
			isa = PBXNativeTarget;
			buildConfigurationList = 956AA53E2119DA46005CB9C1 /* Build configuration list for PBXNativeTarget "Baluchon" */;
			buildPhases = (
				956AA5282119DA44005CB9C1 /* Sources */,
				956AA5292119DA44005CB9C1 /* Frameworks */,
				956AA52A2119DA44005CB9C1 /* Resources */,
			);
			buildRules = (
			);
			dependencies = (
			);
			name = Baluchon;
			productName = Baluchon;
			productReference = 956AA52C2119DA44005CB9C1 /* Baluchon.app */;
			productType = "com.apple.product-type.application";
		};
		9598CF60212D7C0600AD8E02 /* BaluchonTests */ = {
			isa = PBXNativeTarget;
			buildConfigurationList = 9598CF6A212D7C0600AD8E02 /* Build configuration list for PBXNativeTarget "BaluchonTests" */;
			buildPhases = (
				9598CF5D212D7C0600AD8E02 /* Sources */,
				9598CF5E212D7C0600AD8E02 /* Frameworks */,
				9598CF5F212D7C0600AD8E02 /* Resources */,
			);
			buildRules = (
			);
			dependencies = (
				9598CF67212D7C0600AD8E02 /* PBXTargetDependency */,
			);
			name = BaluchonTests;
			productName = BaluchonTests;
			productReference = 9598CF61212D7C0600AD8E02 /* BaluchonTests.xctest */;
			productType = "com.apple.product-type.bundle.unit-test";
		};
/* End PBXNativeTarget section */

/* Begin PBXProject section */
		956AA5242119DA44005CB9C1 /* Project object */ = {
			isa = PBXProject;
			attributes = {
				LastSwiftUpdateCheck = 0940;
				LastUpgradeCheck = 0940;
				ORGANIZATIONNAME = "Christophe DURAND";
				TargetAttributes = {
					956AA52B2119DA44005CB9C1 = {
						CreatedOnToolsVersion = 9.4.1;
						LastSwiftMigration = 1000;
					};
					9598CF60212D7C0600AD8E02 = {
						CreatedOnToolsVersion = 9.4.1;
						LastSwiftMigration = 1000;
						TestTargetID = 956AA52B2119DA44005CB9C1;
					};
				};
			};
			buildConfigurationList = 956AA5272119DA44005CB9C1 /* Build configuration list for PBXProject "Baluchon" */;
			compatibilityVersion = "Xcode 9.3";
			developmentRegion = en;
			hasScannedForEncodings = 0;
			knownRegions = (
				en,
				Base,
			);
			mainGroup = 956AA5232119DA44005CB9C1;
			productRefGroup = 956AA52D2119DA44005CB9C1 /* Products */;
			projectDirPath = "";
			projectRoot = "";
			targets = (
				956AA52B2119DA44005CB9C1 /* Baluchon */,
				9598CF60212D7C0600AD8E02 /* BaluchonTests */,
			);
		};
/* End PBXProject section */

/* Begin PBXResourcesBuildPhase section */
		956AA52A2119DA44005CB9C1 /* Resources */ = {
			isa = PBXResourcesBuildPhase;
			buildActionMask = 2147483647;
			files = (
				956AA53A2119DA46005CB9C1 /* LaunchScreen.storyboard in Resources */,
				956AA5372119DA46005CB9C1 /* Assets.xcassets in Resources */,
				956AA5352119DA44005CB9C1 /* Main.storyboard in Resources */,
			);
			runOnlyForDeploymentPostprocessing = 0;
		};
		9598CF5F212D7C0600AD8E02 /* Resources */ = {
			isa = PBXResourcesBuildPhase;
			buildActionMask = 2147483647;
			files = (
				95BC70CE2142A00D00931E7A /* WeatherNewYork.json in Resources */,
				95D9184A21356FC0002730B1 /* Currency.json in Resources */,
				95BC70D02142A02700931E7A /* WeatherParis.json in Resources */,
				957A5776214A8574003EBF7F /* Translation.json in Resources */,
			);
			runOnlyForDeploymentPostprocessing = 0;
		};
/* End PBXResourcesBuildPhase section */

/* Begin PBXSourcesBuildPhase section */
		956AA5282119DA44005CB9C1 /* Sources */ = {
			isa = PBXSourcesBuildPhase;
			buildActionMask = 2147483647;
			files = (
				95BC70D22142AF9500931E7A /* WeatherService.swift in Sources */,
				9598CF6C212D9AC400AD8E02 /* Currency.swift in Sources */,
				95CAC86F214031B100CF12DB /* WeatherViewController.swift in Sources */,
				956AA5302119DA44005CB9C1 /* AppDelegate.swift in Sources */,
				95C5CDA02124718700B56E83 /* CurrencyChangeService.swift in Sources */,
				957A5778214A8717003EBF7F /* Translation.swift in Sources */,
				953CBF0E212ADE8F006368CC /* UIViewController.swift in Sources */,
				95687C44213EB26100BD900B /* Weather.swift in Sources */,
				956AA5462119E1D6005CB9C1 /* CurrencyChangeViewController.swift in Sources */,
				953CBF10212C123F006368CC /* TranslationViewController.swift in Sources */,
				951EF4E521481C9D00152CA8 /* URLStruct.swift in Sources */,
				953CBF12212C1262006368CC /* TranslationService.swift in Sources */,
				95FFD9E621496312001D6313 /* WeatherCode.swift in Sources */,
			);
			runOnlyForDeploymentPostprocessing = 0;
		};
		9598CF5D212D7C0600AD8E02 /* Sources */ = {
			isa = PBXSourcesBuildPhase;
			buildActionMask = 2147483647;
			files = (
				95BC70CC21429FE800931E7A /* WeatherServiceTests.swift in Sources */,
				957A5774214A7B7F003EBF7F /* TranslationServiceTests.swift in Sources */,
				9598CF64212D7C0600AD8E02 /* CurrencyChangeServiceTests.swift in Sources */,
				95D9184E2135762C002730B1 /* URLSessionFake.swift in Sources */,
				95D9184C21357003002730B1 /* FakeResponseData.swift in Sources */,
			);
			runOnlyForDeploymentPostprocessing = 0;
		};
/* End PBXSourcesBuildPhase section */

/* Begin PBXTargetDependency section */
		9598CF67212D7C0600AD8E02 /* PBXTargetDependency */ = {
			isa = PBXTargetDependency;
			target = 956AA52B2119DA44005CB9C1 /* Baluchon */;
			targetProxy = 9598CF66212D7C0600AD8E02 /* PBXContainerItemProxy */;
		};
/* End PBXTargetDependency section */

/* Begin PBXVariantGroup section */
		956AA5332119DA44005CB9C1 /* Main.storyboard */ = {
			isa = PBXVariantGroup;
			children = (
				956AA5342119DA44005CB9C1 /* Base */,
			);
			name = Main.storyboard;
			sourceTree = "<group>";
		};
		956AA5382119DA46005CB9C1 /* LaunchScreen.storyboard */ = {
			isa = PBXVariantGroup;
			children = (
				956AA5392119DA46005CB9C1 /* Base */,
			);
			name = LaunchScreen.storyboard;
			sourceTree = "<group>";
		};
/* End PBXVariantGroup section */

/* Begin XCBuildConfiguration section */
		956AA53C2119DA46005CB9C1 /* Debug */ = {
			isa = XCBuildConfiguration;
			buildSettings = {
				ALWAYS_SEARCH_USER_PATHS = NO;
				CLANG_ANALYZER_NONNULL = YES;
				CLANG_ANALYZER_NUMBER_OBJECT_CONVERSION = YES_AGGRESSIVE;
				CLANG_CXX_LANGUAGE_STANDARD = "gnu++14";
				CLANG_CXX_LIBRARY = "libc++";
				CLANG_ENABLE_MODULES = YES;
				CLANG_ENABLE_OBJC_ARC = YES;
				CLANG_ENABLE_OBJC_WEAK = YES;
				CLANG_WARN_BLOCK_CAPTURE_AUTORELEASING = YES;
				CLANG_WARN_BOOL_CONVERSION = YES;
				CLANG_WARN_COMMA = YES;
				CLANG_WARN_CONSTANT_CONVERSION = YES;
				CLANG_WARN_DEPRECATED_OBJC_IMPLEMENTATIONS = YES;
				CLANG_WARN_DIRECT_OBJC_ISA_USAGE = YES_ERROR;
				CLANG_WARN_DOCUMENTATION_COMMENTS = YES;
				CLANG_WARN_EMPTY_BODY = YES;
				CLANG_WARN_ENUM_CONVERSION = YES;
				CLANG_WARN_INFINITE_RECURSION = YES;
				CLANG_WARN_INT_CONVERSION = YES;
				CLANG_WARN_NON_LITERAL_NULL_CONVERSION = YES;
				CLANG_WARN_OBJC_IMPLICIT_RETAIN_SELF = YES;
				CLANG_WARN_OBJC_LITERAL_CONVERSION = YES;
				CLANG_WARN_OBJC_ROOT_CLASS = YES_ERROR;
				CLANG_WARN_RANGE_LOOP_ANALYSIS = YES;
				CLANG_WARN_STRICT_PROTOTYPES = YES;
				CLANG_WARN_SUSPICIOUS_MOVE = YES;
				CLANG_WARN_UNGUARDED_AVAILABILITY = YES_AGGRESSIVE;
				CLANG_WARN_UNREACHABLE_CODE = YES;
				CLANG_WARN__DUPLICATE_METHOD_MATCH = YES;
				CODE_SIGN_IDENTITY = "iPhone Developer";
				COPY_PHASE_STRIP = NO;
				DEBUG_INFORMATION_FORMAT = dwarf;
				ENABLE_STRICT_OBJC_MSGSEND = YES;
				ENABLE_TESTABILITY = YES;
				GCC_C_LANGUAGE_STANDARD = gnu11;
				GCC_DYNAMIC_NO_PIC = NO;
				GCC_NO_COMMON_BLOCKS = YES;
				GCC_OPTIMIZATION_LEVEL = 0;
				GCC_PREPROCESSOR_DEFINITIONS = (
					"DEBUG=1",
					"$(inherited)",
				);
				GCC_WARN_64_TO_32_BIT_CONVERSION = YES;
				GCC_WARN_ABOUT_RETURN_TYPE = YES_ERROR;
				GCC_WARN_UNDECLARED_SELECTOR = YES;
				GCC_WARN_UNINITIALIZED_AUTOS = YES_AGGRESSIVE;
				GCC_WARN_UNUSED_FUNCTION = YES;
				GCC_WARN_UNUSED_VARIABLE = YES;
				IPHONEOS_DEPLOYMENT_TARGET = 11.4;
				MTL_ENABLE_DEBUG_INFO = YES;
				ONLY_ACTIVE_ARCH = YES;
				SDKROOT = iphoneos;
				SWIFT_ACTIVE_COMPILATION_CONDITIONS = DEBUG;
				SWIFT_OPTIMIZATION_LEVEL = "-Onone";
			};
			name = Debug;
		};
		956AA53D2119DA46005CB9C1 /* Release */ = {
			isa = XCBuildConfiguration;
			buildSettings = {
				ALWAYS_SEARCH_USER_PATHS = NO;
				CLANG_ANALYZER_NONNULL = YES;
				CLANG_ANALYZER_NUMBER_OBJECT_CONVERSION = YES_AGGRESSIVE;
				CLANG_CXX_LANGUAGE_STANDARD = "gnu++14";
				CLANG_CXX_LIBRARY = "libc++";
				CLANG_ENABLE_MODULES = YES;
				CLANG_ENABLE_OBJC_ARC = YES;
				CLANG_ENABLE_OBJC_WEAK = YES;
				CLANG_WARN_BLOCK_CAPTURE_AUTORELEASING = YES;
				CLANG_WARN_BOOL_CONVERSION = YES;
				CLANG_WARN_COMMA = YES;
				CLANG_WARN_CONSTANT_CONVERSION = YES;
				CLANG_WARN_DEPRECATED_OBJC_IMPLEMENTATIONS = YES;
				CLANG_WARN_DIRECT_OBJC_ISA_USAGE = YES_ERROR;
				CLANG_WARN_DOCUMENTATION_COMMENTS = YES;
				CLANG_WARN_EMPTY_BODY = YES;
				CLANG_WARN_ENUM_CONVERSION = YES;
				CLANG_WARN_INFINITE_RECURSION = YES;
				CLANG_WARN_INT_CONVERSION = YES;
				CLANG_WARN_NON_LITERAL_NULL_CONVERSION = YES;
				CLANG_WARN_OBJC_IMPLICIT_RETAIN_SELF = YES;
				CLANG_WARN_OBJC_LITERAL_CONVERSION = YES;
				CLANG_WARN_OBJC_ROOT_CLASS = YES_ERROR;
				CLANG_WARN_RANGE_LOOP_ANALYSIS = YES;
				CLANG_WARN_STRICT_PROTOTYPES = YES;
				CLANG_WARN_SUSPICIOUS_MOVE = YES;
				CLANG_WARN_UNGUARDED_AVAILABILITY = YES_AGGRESSIVE;
				CLANG_WARN_UNREACHABLE_CODE = YES;
				CLANG_WARN__DUPLICATE_METHOD_MATCH = YES;
				CODE_SIGN_IDENTITY = "iPhone Developer";
				COPY_PHASE_STRIP = NO;
				DEBUG_INFORMATION_FORMAT = "dwarf-with-dsym";
				ENABLE_NS_ASSERTIONS = NO;
				ENABLE_STRICT_OBJC_MSGSEND = YES;
				GCC_C_LANGUAGE_STANDARD = gnu11;
				GCC_NO_COMMON_BLOCKS = YES;
				GCC_WARN_64_TO_32_BIT_CONVERSION = YES;
				GCC_WARN_ABOUT_RETURN_TYPE = YES_ERROR;
				GCC_WARN_UNDECLARED_SELECTOR = YES;
				GCC_WARN_UNINITIALIZED_AUTOS = YES_AGGRESSIVE;
				GCC_WARN_UNUSED_FUNCTION = YES;
				GCC_WARN_UNUSED_VARIABLE = YES;
				IPHONEOS_DEPLOYMENT_TARGET = 11.4;
				MTL_ENABLE_DEBUG_INFO = NO;
				SDKROOT = iphoneos;
				SWIFT_COMPILATION_MODE = wholemodule;
				SWIFT_OPTIMIZATION_LEVEL = "-O";
				VALIDATE_PRODUCT = YES;
			};
			name = Release;
		};
		956AA53F2119DA46005CB9C1 /* Debug */ = {
			isa = XCBuildConfiguration;
			buildSettings = {
				ASSETCATALOG_COMPILER_APPICON_NAME = AppIcon;
				CODE_SIGN_STYLE = Automatic;
				DEVELOPMENT_TEAM = SYU76B2V84;
				INFOPLIST_FILE = "$(SRCROOT)/Baluchon/Supporting Files/Info.plist";
				LD_RUNPATH_SEARCH_PATHS = (
					"$(inherited)",
					"@executable_path/Frameworks",
				);
				PRODUCT_BUNDLE_IDENTIFIER = com.christophedurand.Baluchon;
				PRODUCT_NAME = "$(TARGET_NAME)";
				SWIFT_VERSION = 4.2;
				TARGETED_DEVICE_FAMILY = 1;
			};
			name = Debug;
		};
		956AA5402119DA46005CB9C1 /* Release */ = {
			isa = XCBuildConfiguration;
			buildSettings = {
				ASSETCATALOG_COMPILER_APPICON_NAME = AppIcon;
				CODE_SIGN_STYLE = Automatic;
				DEVELOPMENT_TEAM = SYU76B2V84;
				INFOPLIST_FILE = "$(SRCROOT)/Baluchon/Supporting Files/Info.plist";
				LD_RUNPATH_SEARCH_PATHS = (
					"$(inherited)",
					"@executable_path/Frameworks",
				);
				PRODUCT_BUNDLE_IDENTIFIER = com.christophedurand.Baluchon;
				PRODUCT_NAME = "$(TARGET_NAME)";
				SWIFT_VERSION = 4.2;
				TARGETED_DEVICE_FAMILY = 1;
			};
			name = Release;
		};
		9598CF68212D7C0600AD8E02 /* Debug */ = {
			isa = XCBuildConfiguration;
			buildSettings = {
				BUNDLE_LOADER = "$(TEST_HOST)";
				CODE_SIGN_STYLE = Automatic;
				DEVELOPMENT_TEAM = SYU76B2V84;
				INFOPLIST_FILE = BaluchonTests/Info.plist;
				LD_RUNPATH_SEARCH_PATHS = (
					"$(inherited)",
					"@executable_path/Frameworks",
					"@loader_path/Frameworks",
				);
				PRODUCT_BUNDLE_IDENTIFIER = com.christophedurand.BaluchonTests;
				PRODUCT_NAME = "$(TARGET_NAME)";
				SWIFT_VERSION = 4.2;
				TARGETED_DEVICE_FAMILY = "1,2";
				TEST_HOST = "$(BUILT_PRODUCTS_DIR)/Baluchon.app/Baluchon";
			};
			name = Debug;
		};
		9598CF69212D7C0600AD8E02 /* Release */ = {
			isa = XCBuildConfiguration;
			buildSettings = {
				BUNDLE_LOADER = "$(TEST_HOST)";
				CODE_SIGN_STYLE = Automatic;
				DEVELOPMENT_TEAM = SYU76B2V84;
				INFOPLIST_FILE = BaluchonTests/Info.plist;
				LD_RUNPATH_SEARCH_PATHS = (
					"$(inherited)",
					"@executable_path/Frameworks",
					"@loader_path/Frameworks",
				);
				PRODUCT_BUNDLE_IDENTIFIER = com.christophedurand.BaluchonTests;
				PRODUCT_NAME = "$(TARGET_NAME)";
				SWIFT_VERSION = 4.2;
				TARGETED_DEVICE_FAMILY = "1,2";
				TEST_HOST = "$(BUILT_PRODUCTS_DIR)/Baluchon.app/Baluchon";
			};
			name = Release;
		};
/* End XCBuildConfiguration section */

/* Begin XCConfigurationList section */
		956AA5272119DA44005CB9C1 /* Build configuration list for PBXProject "Baluchon" */ = {
			isa = XCConfigurationList;
			buildConfigurations = (
				956AA53C2119DA46005CB9C1 /* Debug */,
				956AA53D2119DA46005CB9C1 /* Release */,
			);
			defaultConfigurationIsVisible = 0;
			defaultConfigurationName = Release;
		};
		956AA53E2119DA46005CB9C1 /* Build configuration list for PBXNativeTarget "Baluchon" */ = {
			isa = XCConfigurationList;
			buildConfigurations = (
				956AA53F2119DA46005CB9C1 /* Debug */,
				956AA5402119DA46005CB9C1 /* Release */,
			);
			defaultConfigurationIsVisible = 0;
			defaultConfigurationName = Release;
		};
		9598CF6A212D7C0600AD8E02 /* Build configuration list for PBXNativeTarget "BaluchonTests" */ = {
			isa = XCConfigurationList;
			buildConfigurations = (
				9598CF68212D7C0600AD8E02 /* Debug */,
				9598CF69212D7C0600AD8E02 /* Release */,
			);
			defaultConfigurationIsVisible = 0;
			defaultConfigurationName = Release;
		};
/* End XCConfigurationList section */
	};
	rootObject = 956AA5242119DA44005CB9C1 /* Project object */;
}
